{
  "name": "web3d-openworld",
  "version": "1.0.0",
  "lockfileVersion": 3,
  "requires": true,
  "packages": {
    "": {
      "name": "web3d-openworld",
      "version": "1.0.0",
      "dependencies": {
        "humans-threejs": "github:mudiadamz/humans-threejs#main"
      },
      "engines": {
        "node": ">=18"
      }
    },
    "node_modules/humans-threejs": {
      "version": "0.4.1",
      "resolved": "git+ssh://git@github.com/mudiadamz/humans-threejs.git#12c12b17fc24410470215c3d4e15df4e752dd359",
      "engines": {
        "node": ">=18"
      },
      "peerDependencies": {
        "@types/three": "^0.180.0",
        "three": "^0.180.0"
      },
      "peerDependenciesMeta": {
        "@types/three": {
          "optional": true
        }
      }
    },
    "node_modules/three": {
      "version": "0.180.0",
      "resolved": "https://registry.npmjs.org/three/-/three-0.180.0.tgz",
      "integrity": "sha512-o+qycAMZrh+TsE01GqWUxUIKR1AL0S8pq7zDkYOQw8GqfX8b8VoCKYUoHbhiX5j+7hr8XsuHDVU6+gkQJQKg9w==",
      "license": "MIT",
      "peer": true
    }
  }
}
